
Microsoft Visual Studio Solution File, Format Version 11.00
# Visual Studio 2010
Project("{FAE04EC0-301F-11D3-BF4B-00C04F79EFBC}") = "spine-csharp", "spine-csharp.csproj", "{94144E22-2431-4A8F-AC04-DEC22F7EDD8F}"
EndProject
Project("{FAE04EC0-301F-11D3-BF4B-00C04F79EFBC}") = "spine-csharp_W8", "spine-csharp_W8.csproj", "{3AF7DD32-2959-4176-86C8-90D0C40BBF95}"
EndProject
Project("{FAE04EC0-301F-11D3-BF4B-00C04F79EFBC}") = "spine-csharp_WP8", "spine-csharp_WP8.csproj", "{15793848-C833-4CF6-B4A9-BCCA9D78B71F}"
EndProject
Global
	GlobalSection(SolutionConfigurationPlatforms) = preSolution
		Debug|Any CPU = Debug|Any CPU
		Debug|ARM = Debug|ARM
		Debug|x64 = Debug|x64
		Debug|x86 = Debug|x86
		Release|Any CPU = Release|Any CPU
		Release|ARM = Release|ARM
		Release|x64 = Release|x64
		Release|x86 = Release|x86
	EndGlobalSection
	GlobalSection(ProjectConfigurationPlatforms) = postSolution
		{94144E22-2431-4A8F-AC04-DEC22F7EDD8F}.Debug|Any CPU.ActiveCfg = Debug|Any CPU
		{94144E22-2431-4A8F-AC04-DEC22F7EDD8F}.Debug|Any CPU.Build.0 = Debug|Any CPU
		{94144E22-2431-4A8F-AC04-DEC22F7EDD8F}.Debug|ARM.ActiveCfg = Debug|Any CPU
		{94144E22-2431-4A8F-AC04-DEC22F7EDD8F}.Debug|ARM.Build.0 = Debug|Any CPU
		{94144E22-2431-4A8F-AC04-DEC22F7EDD8F}.Debug|x64.ActiveCfg = Debug|Any CPU
		{94144E22-2431-4A8F-AC04-DEC22F7EDD8F}.Debug|x64.Build.0 = Debug|Any CPU
		{94144E22-2431-4A8F-AC04-DEC22F7EDD8F}.Debug|x86.ActiveCfg = Debug|Any CPU
		{94144E22-2431-4A8F-AC04-DEC22F7EDD8F}.Debug|x86.Build.0 = Debug|Any CPU
		{94144E22-2431-4A8F-AC04-DEC22F7EDD8F}.Release|Any CPU.ActiveCfg = Release|Any CPU
		{94144E22-2431-4A8F-AC04-DEC22F7EDD8F}.Release|Any CPU.Build.0 = Release|Any CPU
		{94144E22-2431-4A8F-AC04-DEC22F7EDD8F}.Release|ARM.ActiveCfg = Release|Any CPU
		{94144E22-2431-4A8F-AC04-DEC22F7EDD8F}.Release|ARM.Build.0 = Release|Any CPU
		{94144E22-2431-4A8F-AC04-DEC22F7EDD8F}.Release|x64.ActiveCfg = Release|Any CPU
		{94144E22-2431-4A8F-AC04-DEC22F7EDD8F}.Release|x64.Build.0 = Release|Any CPU
		{94144E22-2431-4A8F-AC04-DEC22F7EDD8F}.Release|x86.ActiveCfg = Release|Any CPU
		{94144E22-2431-4A8F-AC04-DEC22F7EDD8F}.Release|x86.Build.0 = Release|Any CPU
		{3AF7DD32-2959-4176-86C8-90D0C40BBF95}.Debug|Any CPU.ActiveCfg = Debug|Any CPU
		{3AF7DD32-2959-4176-86C8-90D0C40BBF95}.Debug|Any CPU.Build.0 = Debug|Any CPU
		{3AF7DD32-2959-4176-86C8-90D0C40BBF95}.Debug|ARM.ActiveCfg = Debug|ARM
		{3AF7DD32-2959-4176-86C8-90D0C40BBF95}.Debug|ARM.Build.0 = Debug|ARM
		{3AF7DD32-2959-4176-86C8-90D0C40BBF95}.Debug|x64.ActiveCfg = Debug|x64
		{3AF7DD32-2959-4176-86C8-90D0C40BBF95}.Debug|x64.Build.0 = Debug|x64
		{3AF7DD32-2959-4176-86C8-90D0C40BBF95}.Debug|x86.ActiveCfg = Debug|x86
		{3AF7DD32-2959-4176-86C8-90D0C40BBF95}.Debug|x86.Build.0 = Debug|x86
		{3AF7DD32-2959-4176-86C8-90D0C40BBF95}.Release|Any CPU.ActiveCfg = Release|Any CPU
		{3AF7DD32-2959-4176-86C8-90D0C40BBF95}.Release|Any CPU.Build.0 = Release|Any CPU
		{3AF7DD32-2959-4176-86C8-90D0C40BBF95}.Release|ARM.ActiveCfg = Release|ARM
		{3AF7DD32-2959-4176-86C8-90D0C40BBF95}.Release|ARM.Build.0 = Release|ARM
		{3AF7DD32-2959-4176-86C8-90D0C40BBF95}.Release|x64.ActiveCfg = Release|x64
		{3AF7DD32-2959-4176-86C8-90D0C40BBF95}.Release|x64.Build.0 = Release|x64
		{3AF7DD32-2959-4176-86C8-90D0C40BBF95}.Release|x86.ActiveCfg = Release|x86
		{3AF7DD32-2959-4176-86C8-90D0C40BBF95}.Release|x86.Build.0 = Release|x86
		{15793848-C833-4CF6-B4A9-BCCA9D78B71F}.Debug|Any CPU.ActiveCfg = Debug|Any CPU
		{15793848-C833-4CF6-B4A9-BCCA9D78B71F}.Debug|Any CPU.Build.0 = Debug|Any CPU
		{15793848-C833-4CF6-B4A9-BCCA9D78B71F}.Debug|ARM.ActiveCfg = Debug|ARM
		{15793848-C833-4CF6-B4A9-BCCA9D78B71F}.Debug|ARM.Build.0 = Debug|ARM
		{15793848-C833-4CF6-B4A9-BCCA9D78B71F}.Debug|x64.ActiveCfg = Debug|Any CPU
		{15793848-C833-4CF6-B4A9-BCCA9D78B71F}.Debug|x64.Build.0 = Debug|Any CPU
		{15793848-C833-4CF6-B4A9-BCCA9D78B71F}.Debug|x86.ActiveCfg = Debug|x86
		{15793848-C833-4CF6-B4A9-BCCA9D78B71F}.Debug|x86.Build.0 = Debug|x86
		{15793848-C833-4CF6-B4A9-BCCA9D78B71F}.Release|Any CPU.ActiveCfg = Release|Any CPU
		{15793848-C833-4CF6-B4A9-BCCA9D78B71F}.Release|Any CPU.Build.0 = Release|Any CPU
		{15793848-C833-4CF6-B4A9-BCCA9D78B71F}.Release|ARM.ActiveCfg = Release|ARM
		{15793848-C833-4CF6-B4A9-BCCA9D78B71F}.Release|ARM.Build.0 = Release|ARM
		{15793848-C833-4CF6-B4A9-BCCA9D78B71F}.Release|x64.ActiveCfg = Release|Any CPU
		{15793848-C833-4CF6-B4A9-BCCA9D78B71F}.Release|x64.Build.0 = Release|Any CPU
		{15793848-C833-4CF6-B4A9-BCCA9D78B71F}.Release|x86.ActiveCfg = Release|x86
		{15793848-C833-4CF6-B4A9-BCCA9D78B71F}.Release|x86.Build.0 = Release|x86
	EndGlobalSection
	GlobalSection(SolutionProperties) = preSolution
		HideSolutionNode = FALSE
	EndGlobalSection
	GlobalSection(MonoDevelopProperties) = preSolution
		StartupItem = spine-csharp.csproj
	EndGlobalSection
EndGlobal
